// !$*UTF8*$!
{
	archiveVersion = 1;
	classes = {
	};
	objectVersion = 46;
	objects = {

/* Begin PBXBuildFile section */
		EC1850171D5C594300C53BF7 /* JARoundCell.m in Sources */ = {isa = PBXBuildFile; fileRef = EC184FF01D5C594300C53BF7 /* JARoundCell.m */; };
		EC1850181D5C594300C53BF7 /* JARoundCell.xib in Resources */ = {isa = PBXBuildFile; fileRef = EC184FF11D5C594300C53BF7 /* JARoundCell.xib */; };
		EC1850191D5C594300C53BF7 /* LXRoundLayout.m in Sources */ = {isa = PBXBuildFile; fileRef = EC184FF31D5C594300C53BF7 /* LXRoundLayout.m */; };
		EC18501A1D5C594300C53BF7 /* LXRoundView.m in Sources */ = {isa = PBXBuildFile; fileRef = EC184FF51D5C594300C53BF7 /* LXRoundView.m */; };
		EC18501B1D5C594300C53BF7 /* LICENSE in Resources */ = {isa = PBXBuildFile; fileRef = EC184FF71D5C594300C53BF7 /* LICENSE */; };
		EC18501C1D5C594300C53BF7 /* README.md in Sources */ = {isa = PBXBuildFile; fileRef = EC184FF81D5C594300C53BF7 /* README.md */; };
		EC18501D1D5C594300C53BF7 /* NSData+ImageContentType.m in Sources */ = {isa = PBXBuildFile; fileRef = EC184FFB1D5C594300C53BF7 /* NSData+ImageContentType.m */; };
		EC18501E1D5C594300C53BF7 /* SDImageCache.m in Sources */ = {isa = PBXBuildFile; fileRef = EC184FFD1D5C594300C53BF7 /* SDImageCache.m */; };
		EC18501F1D5C594300C53BF7 /* SDWebImageCompat.m in Sources */ = {isa = PBXBuildFile; fileRef = EC184FFF1D5C594300C53BF7 /* SDWebImageCompat.m */; };
		EC1850201D5C594300C53BF7 /* SDWebImageDecoder.m in Sources */ = {isa = PBXBuildFile; fileRef = EC1850011D5C594300C53BF7 /* SDWebImageDecoder.m */; };
		EC1850211D5C594300C53BF7 /* SDWebImageDownloader.m in Sources */ = {isa = PBXBuildFile; fileRef = EC1850031D5C594300C53BF7 /* SDWebImageDownloader.m */; };
		EC1850221D5C594300C53BF7 /* SDWebImageDownloaderOperation.m in Sources */ = {isa = PBXBuildFile; fileRef = EC1850051D5C594300C53BF7 /* SDWebImageDownloaderOperation.m */; };
		EC1850231D5C594300C53BF7 /* SDWebImageManager.m in Sources */ = {isa = PBXBuildFile; fileRef = EC1850071D5C594300C53BF7 /* SDWebImageManager.m */; };
		EC1850241D5C594300C53BF7 /* SDWebImagePrefetcher.m in Sources */ = {isa = PBXBuildFile; fileRef = EC18500A1D5C594300C53BF7 /* SDWebImagePrefetcher.m */; };
		EC1850251D5C594300C53BF7 /* UIButton+WebCache.m in Sources */ = {isa = PBXBuildFile; fileRef = EC18500C1D5C594300C53BF7 /* UIButton+WebCache.m */; };
		EC1850261D5C594300C53BF7 /* UIImage+GIF.m in Sources */ = {isa = PBXBuildFile; fileRef = EC18500E1D5C594300C53BF7 /* UIImage+GIF.m */; };
		EC1850271D5C594300C53BF7 /* UIImage+MultiFormat.m in Sources */ = {isa = PBXBuildFile; fileRef = EC1850101D5C594300C53BF7 /* UIImage+MultiFormat.m */; };
		EC1850281D5C594300C53BF7 /* UIImageView+HighlightedWebCache.m in Sources */ = {isa = PBXBuildFile; fileRef = EC1850121D5C594300C53BF7 /* UIImageView+HighlightedWebCache.m */; };
		EC1850291D5C594300C53BF7 /* UIImageView+WebCache.m in Sources */ = {isa = PBXBuildFile; fileRef = EC1850141D5C594300C53BF7 /* UIImageView+WebCache.m */; };
		EC18502A1D5C594300C53BF7 /* UIView+WebCacheOperation.m in Sources */ = {isa = PBXBuildFile; fileRef = EC1850161D5C594300C53BF7 /* UIView+WebCacheOperation.m */; };
		EC7FC2CB1D54689E0084EE6F /* main.m in Sources */ = {isa = PBXBuildFile; fileRef = EC7FC2CA1D54689E0084EE6F /* main.m */; };
		EC7FC2CE1D54689E0084EE6F /* AppDelegate.m in Sources */ = {isa = PBXBuildFile; fileRef = EC7FC2CD1D54689E0084EE6F /* AppDelegate.m */; };
		EC7FC2D11D54689E0084EE6F /* ViewController.m in Sources */ = {isa = PBXBuildFile; fileRef = EC7FC2D01D54689E0084EE6F /* ViewController.m */; };
		EC7FC2D41D54689E0084EE6F /* Main.storyboard in Resources */ = {isa = PBXBuildFile; fileRef = EC7FC2D21D54689E0084EE6F /* Main.storyboard */; };
		EC7FC2D61D54689E0084EE6F /* Assets.xcassets in Resources */ = {isa = PBXBuildFile; fileRef = EC7FC2D51D54689E0084EE6F /* Assets.xcassets */; };
		EC7FC2D91D54689E0084EE6F /* LaunchScreen.storyboard in Resources */ = {isa = PBXBuildFile; fileRef = EC7FC2D71D54689E0084EE6F /* LaunchScreen.storyboard */; };
/* End PBXBuildFile section */

/* Begin PBXFileReference section */
		EC184FEF1D5C594300C53BF7 /* JARoundCell.h */ = {isa = PBXFileReference; fileEncoding = 4; lastKnownFileType = sourcecode.c.h; path = JARoundCell.h; sourceTree = "<group>"; };
		EC184FF01D5C594300C53BF7 /* JARoundCell.m */ = {isa = PBXFileReference; fileEncoding = 4; lastKnownFileType = sourcecode.c.objc; path = JARoundCell.m; sourceTree = "<group>"; };
		EC184FF11D5C594300C53BF7 /* JARoundCell.xib */ = {isa = PBXFileReference; fileEncoding = 4; lastKnownFileType = file.xib; path = JARoundCell.xib; sourceTree = "<group>"; };
		EC184FF21D5C594300C53BF7 /* LXRoundLayout.h */ = {isa = PBXFileReference; fileEncoding = 4; lastKnownFileType = sourcecode.c.h; path = LXRoundLayout.h; sourceTree = "<group>"; };
		EC184FF31D5C594300C53BF7 /* LXRoundLayout.m */ = {isa = PBXFileReference; fileEncoding = 4; lastKnownFileType = sourcecode.c.objc; path = LXRoundLayout.m; sourceTree = "<group>"; };
		EC184FF41D5C594300C53BF7 /* LXRoundView.h */ = {isa = PBXFileReference; fileEncoding = 4; lastKnownFileType = sourcecode.c.h; path = LXRoundView.h; sourceTree = "<group>"; };
		EC184FF51D5C594300C53BF7 /* LXRoundView.m */ = {isa = PBXFileReference; fileEncoding = 4; lastKnownFileType = sourcecode.c.objc; path = LXRoundView.m; sourceTree = "<group>"; };
		EC184FF71D5C594300C53BF7 /* LICENSE */ = {isa = PBXFileReference; fileEncoding = 4; lastKnownFileType = text; path = LICENSE; sourceTree = "<group>"; };
		EC184FF81D5C594300C53BF7 /* README.md */ = {isa = PBXFileReference; fileEncoding = 4; lastKnownFileType = net.daringfireball.markdown; path = README.md; sourceTree = "<group>"; };
		EC184FFA1D5C594300C53BF7 /* NSData+ImageContentType.h */ = {isa = PBXFileReference; fileEncoding = 4; lastKnownFileType = sourcecode.c.h; path = "NSData+ImageContentType.h"; sourceTree = "<group>"; };
		EC184FFB1D5C594300C53BF7 /* NSData+ImageContentType.m */ = {isa = PBXFileReference; fileEncoding = 4; lastKnownFileType = sourcecode.c.objc; path = "NSData+ImageContentType.m"; sourceTree = "<group>"; };
		EC184FFC1D5C594300C53BF7 /* SDImageCache.h */ = {isa = PBXFileReference; fileEncoding = 4; lastKnownFileType = sourcecode.c.h; path = SDImageCache.h; sourceTree = "<group>"; };
		EC184FFD1D5C594300C53BF7 /* SDImageCache.m */ = {isa = PBXFileReference; fileEncoding = 4; lastKnownFileType = sourcecode.c.objc; path = SDImageCache.m; sourceTree = "<group>"; };
		EC184FFE1D5C594300C53BF7 /* SDWebImageCompat.h */ = {isa = PBXFileReference; fileEncoding = 4; lastKnownFileType = sourcecode.c.h; path = SDWebImageCompat.h; sourceTree = "<group>"; };
		EC184FFF1D5C594300C53BF7 /* SDWebImageCompat.m */ = {isa = PBXFileReference; fileEncoding = 4; lastKnownFileType = sourcecode.c.objc; path = SDWebImageCompat.m; sourceTree = "<group>"; };
		EC1850001D5C594300C53BF7 /* SDWebImageDecoder.h */ = {isa = PBXFileReference; fileEncoding = 4; lastKnownFileType = sourcecode.c.h; path = SDWebImageDecoder.h; sourceTree = "<group>"; };
		EC1850011D5C594300C53BF7 /* SDWebImageDecoder.m */ = {isa = PBXFileReference; fileEncoding = 4; lastKnownFileType = sourcecode.c.objc; path = SDWebImageDecoder.m; sourceTree = "<group>"; };
		EC1850021D5C594300C53BF7 /* SDWebImageDownloader.h */ = {isa = PBXFileReference; fileEncoding = 4; lastKnownFileType = sourcecode.c.h; path = SDWebImageDownloader.h; sourceTree = "<group>"; };
		EC1850031D5C594300C53BF7 /* SDWebImageDownloader.m */ = {isa = PBXFileReference; fileEncoding = 4; lastKnownFileType = sourcecode.c.objc; path = SDWebImageDownloader.m; sourceTree = "<group>"; };
		EC1850041D5C594300C53BF7 /* SDWebImageDownloaderOperation.h */ = {isa = PBXFileReference; fileEncoding = 4; lastKnownFileType = sourcecode.c.h; path = SDWebImageDownloaderOperation.h; sourceTree = "<group>"; };
		EC1850051D5C594300C53BF7 /* SDWebImageDownloaderOperation.m */ = {isa = PBXFileReference; fileEncoding = 4; lastKnownFileType = sourcecode.c.objc; path = SDWebImageDownloaderOperation.m; sourceTree = "<group>"; };
		EC1850061D5C594300C53BF7 /* SDWebImageManager.h */ = {isa = PBXFileReference; fileEncoding = 4; lastKnownFileType = sourcecode.c.h; path = SDWebImageManager.h; sourceTree = "<group>"; };
		EC1850071D5C594300C53BF7 /* SDWebImageManager.m */ = {isa = PBXFileReference; fileEncoding = 4; lastKnownFileType = sourcecode.c.objc; path = SDWebImageManager.m; sourceTree = "<group>"; };
		EC1850081D5C594300C53BF7 /* SDWebImageOperation.h */ = {isa = PBXFileReference; fileEncoding = 4; lastKnownFileType = sourcecode.c.h; path = SDWebImageOperation.h; sourceTree = "<group>"; };
		EC1850091D5C594300C53BF7 /* SDWebImagePrefetcher.h */ = {isa = PBXFileReference; fileEncoding = 4; lastKnownFileType = sourcecode.c.h; path = SDWebImagePrefetcher.h; sourceTree = "<group>"; };
		EC18500A1D5C594300C53BF7 /* SDWebImagePrefetcher.m */ = {isa = PBXFileReference; fileEncoding = 4; lastKnownFileType = sourcecode.c.objc; path = SDWebImagePrefetcher.m; sourceTree = "<group>"; };
		EC18500B1D5C594300C53BF7 /* UIButton+WebCache.h */ = {isa = PBXFileReference; fileEncoding = 4; lastKnownFileType = sourcecode.c.h; path = "UIButton+WebCache.h"; sourceTree = "<group>"; };
		EC18500C1D5C594300C53BF7 /* UIButton+WebCache.m */ = {isa = PBXFileReference; fileEncoding = 4; lastKnownFileType = sourcecode.c.objc; path = "UIButton+WebCache.m"; sourceTree = "<group>"; };
		EC18500D1D5C594300C53BF7 /* UIImage+GIF.h */ = {isa = PBXFileReference; fileEncoding = 4; lastKnownFileType = sourcecode.c.h; path = "UIImage+GIF.h"; sourceTree = "<group>"; };
		EC18500E1D5C594300C53BF7 /* UIImage+GIF.m */ = {isa = PBXFileReference; fileEncoding = 4; lastKnownFileType = sourcecode.c.objc; path = "UIImage+GIF.m"; sourceTree = "<group>"; };
		EC18500F1D5C594300C53BF7 /* UIImage+MultiFormat.h */ = {isa = PBXFileReference; fileEncoding = 4; lastKnownFileType = sourcecode.c.h; path = "UIImage+MultiFormat.h"; sourceTree = "<group>"; };
		EC1850101D5C594300C53BF7 /* UIImage+MultiFormat.m */ = {isa = PBXFileReference; fileEncoding = 4; lastKnownFileType = sourcecode.c.objc; path = "UIImage+MultiFormat.m"; sourceTree = "<group>"; };
		EC1850111D5C594300C53BF7 /* UIImageView+HighlightedWebCache.h */ = {isa = PBXFileReference; fileEncoding = 4; lastKnownFileType = sourcecode.c.h; path = "UIImageView+HighlightedWebCache.h"; sourceTree = "<group>"; };
		EC1850121D5C594300C53BF7 /* UIImageView+HighlightedWebCache.m */ = {isa = PBXFileReference; fileEncoding = 4; lastKnownFileType = sourcecode.c.objc; path = "UIImageView+HighlightedWebCache.m"; sourceTree = "<group>"; };
		EC1850131D5C594300C53BF7 /* UIImageView+WebCache.h */ = {isa = PBXFileReference; fileEncoding = 4; lastKnownFileType = sourcecode.c.h; path = "UIImageView+WebCache.h"; sourceTree = "<group>"; };
		EC1850141D5C594300C53BF7 /* UIImageView+WebCache.m */ = {isa = PBXFileReference; fileEncoding = 4; lastKnownFileType = sourcecode.c.objc; path = "UIImageView+WebCache.m"; sourceTree = "<group>"; };
		EC1850151D5C594300C53BF7 /* UIView+WebCacheOperation.h */ = {isa = PBXFileReference; fileEncoding = 4; lastKnownFileType = sourcecode.c.h; path = "UIView+WebCacheOperation.h"; sourceTree = "<group>"; };
		EC1850161D5C594300C53BF7 /* UIView+WebCacheOperation.m */ = {isa = PBXFileReference; fileEncoding = 4; lastKnownFileType = sourcecode.c.objc; path = "UIView+WebCacheOperation.m"; sourceTree = "<group>"; };
		EC7FC2C61D54689E0084EE6F /* RoundItmes.app */ = {isa = PBXFileReference; explicitFileType = wrapper.application; includeInIndex = 0; path = RoundItmes.app; sourceTree = BUILT_PRODUCTS_DIR; };
		EC7FC2CA1D54689E0084EE6F /* main.m */ = {isa = PBXFileReference; lastKnownFileType = sourcecode.c.objc; path = main.m; sourceTree = "<group>"; };
		EC7FC2CC1D54689E0084EE6F /* AppDelegate.h */ = {isa = PBXFileReference; lastKnownFileType = sourcecode.c.h; path = AppDelegate.h; sourceTree = "<group>"; };
		EC7FC2CD1D54689E0084EE6F /* AppDelegate.m */ = {isa = PBXFileReference; lastKnownFileType = sourcecode.c.objc; path = AppDelegate.m; sourceTree = "<group>"; };
		EC7FC2CF1D54689E0084EE6F /* ViewController.h */ = {isa = PBXFileReference; lastKnownFileType = sourcecode.c.h; path = ViewController.h; sourceTree = "<group>"; };
		EC7FC2D01D54689E0084EE6F /* ViewController.m */ = {isa = PBXFileReference; lastKnownFileType = sourcecode.c.objc; path = ViewController.m; sourceTree = "<group>"; };
		EC7FC2D31D54689E0084EE6F /* Base */ = {isa = PBXFileReference; lastKnownFileType = file.storyboard; name = Base; path = Base.lproj/Main.storyboard; sourceTree = "<group>"; };
		EC7FC2D51D54689E0084EE6F /* Assets.xcassets */ = {isa = PBXFileReference; lastKnownFileType = folder.assetcatalog; path = Assets.xcassets; sourceTree = "<group>"; };
		EC7FC2D81D54689E0084EE6F /* Base */ = {isa = PBXFileReference; lastKnownFileType = file.storyboard; name = Base; path = Base.lproj/LaunchScreen.storyboard; sourceTree = "<group>"; };
		EC7FC2DA1D54689E0084EE6F /* Info.plist */ = {isa = PBXFileReference; lastKnownFileType = text.plist.xml; path = Info.plist; sourceTree = "<group>"; };
/* End PBXFileReference section */

/* Begin PBXFrameworksBuildPhase section */
		EC7FC2C31D54689E0084EE6F /* Frameworks */ = {
			isa = PBXFrameworksBuildPhase;
			buildActionMask = 2147483647;
			files = (
			);
			runOnlyForDeploymentPostprocessing = 0;
		};
/* End PBXFrameworksBuildPhase section */

/* Begin PBXGroup section */
		EC184FEE1D5C594300C53BF7 /* LXRoundView */ = {
			isa = PBXGroup;
			children = (
				EC184FEF1D5C594300C53BF7 /* JARoundCell.h */,
				EC184FF01D5C594300C53BF7 /* JARoundCell.m */,
				EC184FF11D5C594300C53BF7 /* JARoundCell.xib */,
				EC184FF21D5C594300C53BF7 /* LXRoundLayout.h */,
				EC184FF31D5C594300C53BF7 /* LXRoundLayout.m */,
				EC184FF41D5C594300C53BF7 /* LXRoundView.h */,
				EC184FF51D5C594300C53BF7 /* LXRoundView.m */,
				EC184FF61D5C594300C53BF7 /* SDWebImage */,
			);
			path = LXRoundView;
			sourceTree = "<group>";
		};
		EC184FF61D5C594300C53BF7 /* SDWebImage */ = {
			isa = PBXGroup;
			children = (
				EC184FF71D5C594300C53BF7 /* LICENSE */,
				EC184FF81D5C594300C53BF7 /* README.md */,
				EC184FF91D5C594300C53BF7 /* SDWebImage */,
			);
			path = SDWebImage;
			sourceTree = "<group>";
		};
		EC184FF91D5C594300C53BF7 /* SDWebImage */ = {
			isa = PBXGroup;
			children = (
				EC184FFA1D5C594300C53BF7 /* NSData+ImageContentType.h */,
				EC184FFB1D5C594300C53BF7 /* NSData+ImageContentType.m */,
				EC184FFC1D5C594300C53BF7 /* SDImageCache.h */,
				EC184FFD1D5C594300C53BF7 /* SDImageCache.m */,
				EC184FFE1D5C594300C53BF7 /* SDWebImageCompat.h */,
				EC184FFF1D5C594300C53BF7 /* SDWebImageCompat.m */,
				EC1850001D5C594300C53BF7 /* SDWebImageDecoder.h */,
				EC1850011D5C594300C53BF7 /* SDWebImageDecoder.m */,
				EC1850021D5C594300C53BF7 /* SDWebImageDownloader.h */,
				EC1850031D5C594300C53BF7 /* SDWebImageDownloader.m */,
				EC1850041D5C594300C53BF7 /* SDWebImageDownloaderOperation.h */,
				EC1850051D5C594300C53BF7 /* SDWebImageDownloaderOperation.m */,
				EC1850061D5C594300C53BF7 /* SDWebImageManager.h */,
				EC1850071D5C594300C53BF7 /* SDWebImageManager.m */,
				EC1850081D5C594300C53BF7 /* SDWebImageOperation.h */,
				EC1850091D5C594300C53BF7 /* SDWebImagePrefetcher.h */,
				EC18500A1D5C594300C53BF7 /* SDWebImagePrefetcher.m */,
				EC18500B1D5C594300C53BF7 /* UIButton+WebCache.h */,
				EC18500C1D5C594300C53BF7 /* UIButton+WebCache.m */,
				EC18500D1D5C594300C53BF7 /* UIImage+GIF.h */,
				EC18500E1D5C594300C53BF7 /* UIImage+GIF.m */,
				EC18500F1D5C594300C53BF7 /* UIImage+MultiFormat.h */,
				EC1850101D5C594300C53BF7 /* UIImage+MultiFormat.m */,
				EC1850111D5C594300C53BF7 /* UIImageView+HighlightedWebCache.h */,
				EC1850121D5C594300C53BF7 /* UIImageView+HighlightedWebCache.m */,
				EC1850131D5C594300C53BF7 /* UIImageView+WebCache.h */,
				EC1850141D5C594300C53BF7 /* UIImageView+WebCache.m */,
				EC1850151D5C594300C53BF7 /* UIView+WebCacheOperation.h */,
				EC1850161D5C594300C53BF7 /* UIView+WebCacheOperation.m */,
			);
			path = SDWebImage;
			sourceTree = "<group>";
		};
		EC7FC2BD1D54689E0084EE6F = {
			isa = PBXGroup;
			children = (
				EC7FC2C81D54689E0084EE6F /* RoundItmes */,
				EC7FC2C71D54689E0084EE6F /* Products */,
			);
			sourceTree = "<group>";
		};
		EC7FC2C71D54689E0084EE6F /* Products */ = {
			isa = PBXGroup;
			children = (
				EC7FC2C61D54689E0084EE6F /* RoundItmes.app */,
			);
			name = Products;
			sourceTree = "<group>";
		};
		EC7FC2C81D54689E0084EE6F /* RoundItmes */ = {
			isa = PBXGroup;
			children = (
				EC184FEE1D5C594300C53BF7 /* LXRoundView */,
				EC7FC2CC1D54689E0084EE6F /* AppDelegate.h */,
				EC7FC2CD1D54689E0084EE6F /* AppDelegate.m */,
				EC7FC2CF1D54689E0084EE6F /* ViewController.h */,
				EC7FC2D01D54689E0084EE6F /* ViewController.m */,
				EC7FC2D21D54689E0084EE6F /* Main.storyboard */,
				EC7FC2D51D54689E0084EE6F /* Assets.xcassets */,
				EC7FC2D71D54689E0084EE6F /* LaunchScreen.storyboard */,
				EC7FC2DA1D54689E0084EE6F /* Info.plist */,
				EC7FC2C91D54689E0084EE6F /* Supporting Files */,
			);
			path = RoundItmes;
			sourceTree = "<group>";
		};
		EC7FC2C91D54689E0084EE6F /* Supporting Files */ = {
			isa = PBXGroup;
			children = (
				EC7FC2CA1D54689E0084EE6F /* main.m */,
			);
			name = "Supporting Files";
			sourceTree = "<group>";
		};
/* End PBXGroup section */

/* Begin PBXNativeTarget section */
		EC7FC2C51D54689E0084EE6F /* RoundItmes */ = {
			isa = PBXNativeTarget;
			buildConfigurationList = EC7FC2DD1D54689E0084EE6F /* Build configuration list for PBXNativeTarget "RoundItmes" */;
			buildPhases = (
				EC7FC2C21D54689E0084EE6F /* Sources */,
				EC7FC2C31D54689E0084EE6F /* Frameworks */,
				EC7FC2C41D54689E0084EE6F /* Resources */,
			);
			buildRules = (
			);
			dependencies = (
			);
			name = RoundItmes;
			productName = RoundItmes;
			productReference = EC7FC2C61D54689E0084EE6F /* RoundItmes.app */;
			productType = "com.apple.product-type.application";
		};
/* End PBXNativeTarget section */

/* Begin PBXProject section */
		EC7FC2BE1D54689E0084EE6F /* Project object */ = {
			isa = PBXProject;
			attributes = {
				LastUpgradeCheck = 0730;
				ORGANIZATIONNAME = leehyoley;
				TargetAttributes = {
					EC7FC2C51D54689E0084EE6F = {
						CreatedOnToolsVersion = 7.3.1;
					};
				};
			};
			buildConfigurationList = EC7FC2C11D54689E0084EE6F /* Build configuration list for PBXProject "RoundItmes" */;
			compatibilityVersion = "Xcode 3.2";
			developmentRegion = English;
			hasScannedForEncodings = 0;
			knownRegions = (
				en,
				Base,
			);
			mainGroup = EC7FC2BD1D54689E0084EE6F;
			productRefGroup = EC7FC2C71D54689E0084EE6F /* Products */;
			projectDirPath = "";
			projectRoot = "";
			targets = (
				EC7FC2C51D54689E0084EE6F /* RoundItmes */,
			);
		};
/* End PBXProject section */

/* Begin PBXResourcesBuildPhase section */
		EC7FC2C41D54689E0084EE6F /* Resources */ = {
			isa = PBXResourcesBuildPhase;
			buildActionMask = 2147483647;
			files = (
				EC7FC2D91D54689E0084EE6F /* LaunchScreen.storyboard in Resources */,
				EC7FC2D61D54689E0084EE6F /* Assets.xcassets in Resources */,
				EC7FC2D41D54689E0084EE6F /* Main.storyboard in Resources */,
				EC1850181D5C594300C53BF7 /* JARoundCell.xib in Resources */,
				EC18501B1D5C594300C53BF7 /* LICENSE in Resources */,
			);
			runOnlyForDeploymentPostprocessing = 0;
		};
/* End PBXResourcesBuildPhase section */

/* Begin PBXSourcesBuildPhase section */
		EC7FC2C21D54689E0084EE6F /* Sources */ = {
			isa = PBXSourcesBuildPhase;
			buildActionMask = 2147483647;
			files = (
				EC1850191D5C594300C53BF7 /* LXRoundLayout.m in Sources */,
				EC1850281D5C594300C53BF7 /* UIImageView+HighlightedWebCache.m in Sources */,
				EC1850291D5C594300C53BF7 /* UIImageView+WebCache.m in Sources */,
				EC1850231D5C594300C53BF7 /* SDWebImageManager.m in Sources */,
				EC18501E1D5C594300C53BF7 /* SDImageCache.m in Sources */,
				EC1850221D5C594300C53BF7 /* SDWebImageDownloaderOperation.m in Sources */,
				EC18501A1D5C594300C53BF7 /* LXRoundView.m in Sources */,
				EC1850251D5C594300C53BF7 /* UIButton+WebCache.m in Sources */,
				EC18501D1D5C594300C53BF7 /* NSData+ImageContentType.m in Sources */,
				EC1850241D5C594300C53BF7 /* SDWebImagePrefetcher.m in Sources */,
				EC18502A1D5C594300C53BF7 /* UIView+WebCacheOperation.m in Sources */,
				EC1850211D5C594300C53BF7 /* SDWebImageDownloader.m in Sources */,
				EC7FC2D11D54689E0084EE6F /* ViewController.m in Sources */,
				EC1850201D5C594300C53BF7 /* SDWebImageDecoder.m in Sources */,
				EC18501C1D5C594300C53BF7 /* README.md in Sources */,
				EC7FC2CE1D54689E0084EE6F /* AppDelegate.m in Sources */,
				EC18501F1D5C594300C53BF7 /* SDWebImageCompat.m in Sources */,
				EC7FC2CB1D54689E0084EE6F /* main.m in Sources */,
				EC1850171D5C594300C53BF7 /* JARoundCell.m in Sources */,
				EC1850271D5C594300C53BF7 /* UIImage+MultiFormat.m in Sources */,
				EC1850261D5C594300C53BF7 /* UIImage+GIF.m in Sources */,
			);
			runOnlyForDeploymentPostprocessing = 0;
		};
/* End PBXSourcesBuildPhase section */

/* Begin PBXVariantGroup section */
		EC7FC2D21D54689E0084EE6F /* Main.storyboard */ = {
			isa = PBXVariantGroup;
			children = (
				EC7FC2D31D54689E0084EE6F /* Base */,
			);
			name = Main.storyboard;
			sourceTree = "<group>";
		};
		EC7FC2D71D54689E0084EE6F /* LaunchScreen.storyboard */ = {
			isa = PBXVariantGroup;
			children = (
				EC7FC2D81D54689E0084EE6F /* Base */,
			);
			name = LaunchScreen.storyboard;
			sourceTree = "<group>";
		};
/* End PBXVariantGroup section */

/* Begin XCBuildConfiguration section */
		EC7FC2DB1D54689E0084EE6F /* Debug */ = {
			isa = XCBuildConfiguration;
			buildSettings = {
				ALWAYS_SEARCH_USER_PATHS = NO;
				CLANG_ANALYZER_NONNULL = YES;
				CLANG_CXX_LANGUAGE_STANDARD = "gnu++0x";
				CLANG_CXX_LIBRARY = "libc++";
				CLANG_ENABLE_MODULES = YES;
				CLANG_ENABLE_OBJC_ARC = YES;
				CLANG_WARN_BOOL_CONVERSION = YES;
				CLANG_WARN_CONSTANT_CONVERSION = YES;
				CLANG_WARN_DIRECT_OBJC_ISA_USAGE = YES_ERROR;
				CLANG_WARN_EMPTY_BODY = YES;
				CLANG_WARN_ENUM_CONVERSION = YES;
				CLANG_WARN_INT_CONVERSION = YES;
				CLANG_WARN_OBJC_ROOT_CLASS = YES_ERROR;
				CLANG_WARN_UNREACHABLE_CODE = YES;
				CLANG_WARN__DUPLICATE_METHOD_MATCH = YES;
				"CODE_SIGN_IDENTITY[sdk=iphoneos*]" = "iPhone Developer";
				COPY_PHASE_STRIP = NO;
				DEBUG_INFORMATION_FORMAT = dwarf;
				ENABLE_STRICT_OBJC_MSGSEND = YES;
				ENABLE_TESTABILITY = YES;
				GCC_C_LANGUAGE_STANDARD = gnu99;
				GCC_DYNAMIC_NO_PIC = NO;
				GCC_NO_COMMON_BLOCKS = YES;
				GCC_OPTIMIZATION_LEVEL = 0;
				GCC_PREPROCESSOR_DEFINITIONS = (
					"DEBUG=1",
					"$(inherited)",
				);
				GCC_WARN_64_TO_32_BIT_CONVERSION = YES;
				GCC_WARN_ABOUT_RETURN_TYPE = YES_ERROR;
				GCC_WARN_UNDECLARED_SELECTOR = YES;
				GCC_WARN_UNINITIALIZED_AUTOS = YES_AGGRESSIVE;
				GCC_WARN_UNUSED_FUNCTION = YES;
				GCC_WARN_UNUSED_VARIABLE = YES;
				IPHONEOS_DEPLOYMENT_TARGET = 9.3;
				MTL_ENABLE_DEBUG_INFO = YES;
				ONLY_ACTIVE_ARCH = YES;
				SDKROOT = iphoneos;
			};
			name = Debug;
		};
		EC7FC2DC1D54689E0084EE6F /* Release */ = {
			isa = XCBuildConfiguration;
			buildSettings = {
				ALWAYS_SEARCH_USER_PATHS = NO;
				CLANG_ANALYZER_NONNULL = YES;
				CLANG_CXX_LANGUAGE_STANDARD = "gnu++0x";
				CLANG_CXX_LIBRARY = "libc++";
				CLANG_ENABLE_MODULES = YES;
				CLANG_ENABLE_OBJC_ARC = YES;
				CLANG_WARN_BOOL_CONVERSION = YES;
				CLANG_WARN_CONSTANT_CONVERSION = YES;
				CLANG_WARN_DIRECT_OBJC_ISA_USAGE = YES_ERROR;
				CLANG_WARN_EMPTY_BODY = YES;
				CLANG_WARN_ENUM_CONVERSION = YES;
				CLANG_WARN_INT_CONVERSION = YES;
				CLANG_WARN_OBJC_ROOT_CLASS = YES_ERROR;
				CLANG_WARN_UNREACHABLE_CODE = YES;
				CLANG_WARN__DUPLICATE_METHOD_MATCH = YES;
				"CODE_SIGN_IDENTITY[sdk=iphoneos*]" = "iPhone Developer";
				COPY_PHASE_STRIP = NO;
				DEBUG_INFORMATION_FORMAT = "dwarf-with-dsym";
				ENABLE_NS_ASSERTIONS = NO;
				ENABLE_STRICT_OBJC_MSGSEND = YES;
				GCC_C_LANGUAGE_STANDARD = gnu99;
				GCC_NO_COMMON_BLOCKS = YES;
				GCC_WARN_64_TO_32_BIT_CONVERSION = YES;
				GCC_WARN_ABOUT_RETURN_TYPE = YES_ERROR;
				GCC_WARN_UNDECLARED_SELECTOR = YES;
				GCC_WARN_UNINITIALIZED_AUTOS = YES_AGGRESSIVE;
				GCC_WARN_UNUSED_FUNCTION = YES;
				GCC_WARN_UNUSED_VARIABLE = YES;
				IPHONEOS_DEPLOYMENT_TARGET = 9.3;
				MTL_ENABLE_DEBUG_INFO = NO;
				SDKROOT = iphoneos;
				VALIDATE_PRODUCT = YES;
			};
			name = Release;
		};
		EC7FC2DE1D54689E0084EE6F /* Debug */ = {
			isa = XCBuildConfiguration;
			buildSettings = {
				ASSETCATALOG_COMPILER_APPICON_NAME = AppIcon;
				INFOPLIST_FILE = RoundItmes/Info.plist;
				LD_RUNPATH_SEARCH_PATHS = "$(inherited) @executable_path/Frameworks";
				PRODUCT_BUNDLE_IDENTIFIER = com.leehyoley.RoundItmes;
				PRODUCT_NAME = "$(TARGET_NAME)";
			};
			name = Debug;
		};
		EC7FC2DF1D54689E0084EE6F /* Release */ = {
			isa = XCBuildConfiguration;
			buildSettings = {
				ASSETCATALOG_COMPILER_APPICON_NAME = AppIcon;
				INFOPLIST_FILE = RoundItmes/Info.plist;
				LD_RUNPATH_SEARCH_PATHS = "$(inherited) @executable_path/Frameworks";
				PRODUCT_BUNDLE_IDENTIFIER = com.leehyoley.RoundItmes;
				PRODUCT_NAME = "$(TARGET_NAME)";
			};
			name = Release;
		};
/* End XCBuildConfiguration section */

/* Begin XCConfigurationList section */
		EC7FC2C11D54689E0084EE6F /* Build configuration list for PBXProject "RoundItmes" */ = {
			isa = XCConfigurationList;
			buildConfigurations = (
				EC7FC2DB1D54689E0084EE6F /* Debug */,
				EC7FC2DC1D54689E0084EE6F /* Release */,
			);
			defaultConfigurationIsVisible = 0;
			defaultConfigurationName = Release;
		};
		EC7FC2DD1D54689E0084EE6F /* Build configuration list for PBXNativeTarget "RoundItmes" */ = {
			isa = XCConfigurationList;
			buildConfigurations = (
				EC7FC2DE1D54689E0084EE6F /* Debug */,
				EC7FC2DF1D54689E0084EE6F /* Release */,
			);
			defaultConfigurationIsVisible = 0;
			defaultConfigurationName = Release;
		};
/* End XCConfigurationList section */
	};
	rootObject = EC7FC2BE1D54689E0084EE6F /* Project object */;
}
